
Microsoft Visual Studio Solution File, Format Version 12.00
# Visual Studio Version 16
VisualStudioVersion = 16.0.30011.22
MinimumVisualStudioVersion = 10.0.40219.1
Project("{FAE04EC0-301F-11D3-BF4B-00C04F79EFBC}") = "Task3", "Task3\Task3.csproj", "{B1600486-C8EB-47E4-A2C4-A110B0C41AA1}"
EndProject
Global
	GlobalSection(SolutionConfigurationPlatforms) = preSolution
		Debug|Any CPU = Debug|Any CPU
		Release|Any CPU = Release|Any CPU
	EndGlobalSection
	GlobalSection(ProjectConfigurationPlatforms) = postSolution
		{B1600486-C8EB-47E4-A2C4-A110B0C41AA1}.Debug|Any CPU.ActiveCfg = Debug|Any CPU
		{B1600486-C8EB-47E4-A2C4-A110B0C41AA1}.Debug|Any CPU.Build.0 = Debug|Any CPU
		{B1600486-C8EB-47E4-A2C4-A110B0C41AA1}.Release|Any CPU.ActiveCfg = Release|Any CPU
		{B1600486-C8EB-47E4-A2C4-A110B0C41AA1}.Release|Any CPU.Build.0 = Release|Any CPU
	EndGlobalSection
	GlobalSection(SolutionProperties) = preSolution
		HideSolutionNode = FALSE
	EndGlobalSection
	GlobalSection(ExtensibilityGlobals) = postSolution
		SolutionGuid = {9ABFF81C-8BD0-4044-83CB-72854450F371}
	EndGlobalSection
EndGlobal
